
Microsoft Visual Studio Solution File, Format Version 12.00
# Visual Studio Version 17
VisualStudioVersion = 17.13.35919.96 d17.13
MinimumVisualStudioVersion = 10.0.40219.1
Project("{FAE04EC0-301F-11D3-BF4B-00C04F79EFBC}") = "AmatoSplash", "AmatoSplash.csproj", "{78A40709-14B1-4401-A52D-0B812D3AF151}"
EndProject
Global
	GlobalSection(SolutionConfigurationPlatforms) = preSolution
		Debug|Any CPU = Debug|Any CPU
		Release|Any CPU = Release|Any CPU
	EndGlobalSection
	GlobalSection(ProjectConfigurationPlatforms) = postSolution
		{78A40709-14B1-4401-A52D-0B812D3AF151}.Debug|Any CPU.ActiveCfg = Debug|Any CPU
		{78A40709-14B1-4401-A52D-0B812D3AF151}.Debug|Any CPU.Build.0 = Debug|Any CPU
		{78A40709-14B1-4401-A52D-0B812D3AF151}.Release|Any CPU.ActiveCfg = Release|Any CPU
		{78A40709-14B1-4401-A52D-0B812D3AF151}.Release|Any CPU.Build.0 = Release|Any CPU
	EndGlobalSection
	GlobalSection(SolutionProperties) = preSolution
		HideSolutionNode = FALSE
	EndGlobalSection
	GlobalSection(ExtensibilityGlobals) = postSolution
		SolutionGuid = {26372B4A-54A9-428C-9178-59FB26F0EE7B}
	EndGlobalSection
EndGlobal
